{
  "name": "@joshuaspence/claude-hud",
  "version": "0.8.0",
  "lockfileVersion": 3,
  "requires": true,
  "packages": {
    "": {
      "name": "@joshuaspence/claude-hud",
      "version": "0.8.0",
      "license": "MIT",
      "dependencies": {
        "claude-hud": "github:jarrodwatts/claude-hud#v0.8.0"
      },
      "bin": {
        "claude-hud": "bin/claude-hud.mjs"
      },
      "engines": {
        "node": ">=18"
      }
    },
    "node_modules/claude-hud": {
      "version": "0.8.0",
      "resolved": "git+ssh://git@github.com/jarrodwatts/claude-hud.git#ef5f1c8b167572ad1443c70629763ea8780af96b",
      "license": "MIT",
      "engines": {
        "node": ">=18.0.0"
      }
    }
  }
}
